// !$*UTF8*$!
{
	archiveVersion = 1;
	classes = {
	};
	objectVersion = 46;
	objects = {

/* Begin PBXBuildFile section */
		D12D913E1E4953AB007A7FE8 /* AppDelegate.swift in Sources */ = {isa = PBXBuildFile; fileRef = D12D913D1E4953AB007A7FE8 /* AppDelegate.swift */; };
		D12D91401E4953AB007A7FE8 /* TipCalcViewController.swift in Sources */ = {isa = PBXBuildFile; fileRef = D12D913F1E4953AB007A7FE8 /* TipCalcViewController.swift */; };
		D12D91431E4953AB007A7FE8 /* Main.storyboard in Resources */ = {isa = PBXBuildFile; fileRef = D12D91411E4953AB007A7FE8 /* Main.storyboard */; };
		D12D91451E4953AB007A7FE8 /* Assets.xcassets in Resources */ = {isa = PBXBuildFile; fileRef = D12D91441E4953AB007A7FE8 /* Assets.xcassets */; };
		D12D91481E4953AB007A7FE8 /* LaunchScreen.storyboard in Resources */ = {isa = PBXBuildFile; fileRef = D12D91461E4953AB007A7FE8 /* LaunchScreen.storyboard */; };
		D12D91501E4AB612007A7FE8 /* TipCalc.swift in Sources */ = {isa = PBXBuildFile; fileRef = D12D914F1E4AB612007A7FE8 /* TipCalc.swift */; };
		D12D91521E4AD34B007A7FE8 /* SettingsViewController.swift in Sources */ = {isa = PBXBuildFile; fileRef = D12D91511E4AD34B007A7FE8 /* SettingsViewController.swift */; };
/* End PBXBuildFile section */

/* Begin PBXFileReference section */
		D12D913A1E4953AB007A7FE8 /* TipCalc.app */ = {isa = PBXFileReference; explicitFileType = wrapper.application; includeInIndex = 0; path = TipCalc.app; sourceTree = BUILT_PRODUCTS_DIR; };
		D12D913D1E4953AB007A7FE8 /* AppDelegate.swift */ = {isa = PBXFileReference; lastKnownFileType = sourcecode.swift; path = AppDelegate.swift; sourceTree = "<group>"; };
		D12D913F1E4953AB007A7FE8 /* TipCalcViewController.swift */ = {isa = PBXFileReference; lastKnownFileType = sourcecode.swift; path = TipCalcViewController.swift; sourceTree = "<group>"; };
		D12D91421E4953AB007A7FE8 /* Base */ = {isa = PBXFileReference; lastKnownFileType = file.storyboard; name = Base; path = Base.lproj/Main.storyboard; sourceTree = "<group>"; };
		D12D91441E4953AB007A7FE8 /* Assets.xcassets */ = {isa = PBXFileReference; lastKnownFileType = folder.assetcatalog; path = Assets.xcassets; sourceTree = "<group>"; };
		D12D91471E4953AB007A7FE8 /* Base */ = {isa = PBXFileReference; lastKnownFileType = file.storyboard; name = Base; path = Base.lproj/LaunchScreen.storyboard; sourceTree = "<group>"; };
		D12D91491E4953AB007A7FE8 /* Info.plist */ = {isa = PBXFileReference; lastKnownFileType = text.plist.xml; path = Info.plist; sourceTree = "<group>"; };
		D12D914F1E4AB612007A7FE8 /* TipCalc.swift */ = {isa = PBXFileReference; fileEncoding = 4; lastKnownFileType = sourcecode.swift; path = TipCalc.swift; sourceTree = "<group>"; };
		D12D91511E4AD34B007A7FE8 /* SettingsViewController.swift */ = {isa = PBXFileReference; fileEncoding = 4; lastKnownFileType = sourcecode.swift; path = SettingsViewController.swift; sourceTree = "<group>"; };
/* End PBXFileReference section */

/* Begin PBXFrameworksBuildPhase section */
		D12D91371E4953AB007A7FE8 /* Frameworks */ = {
			isa = PBXFrameworksBuildPhase;
			buildActionMask = 2147483647;
			files = (
			);
			runOnlyForDeploymentPostprocessing = 0;
		};
/* End PBXFrameworksBuildPhase section */

/* Begin PBXGroup section */
		D12D91311E4953AB007A7FE8 = {
			isa = PBXGroup;
			children = (
				D12D913C1E4953AB007A7FE8 /* TipCalc */,
				D12D913B1E4953AB007A7FE8 /* Products */,
			);
			sourceTree = "<group>";
		};
		D12D913B1E4953AB007A7FE8 /* Products */ = {
			isa = PBXGroup;
			children = (
				D12D913A1E4953AB007A7FE8 /* TipCalc.app */,
			);
			name = Products;
			sourceTree = "<group>";
		};
		D12D913C1E4953AB007A7FE8 /* TipCalc */ = {
			isa = PBXGroup;
			children = (
				D12D913D1E4953AB007A7FE8 /* AppDelegate.swift */,
				D12D913F1E4953AB007A7FE8 /* TipCalcViewController.swift */,
				D12D91511E4AD34B007A7FE8 /* SettingsViewController.swift */,
				D12D914F1E4AB612007A7FE8 /* TipCalc.swift */,
				D12D91411E4953AB007A7FE8 /* Main.storyboard */,
				D12D91441E4953AB007A7FE8 /* Assets.xcassets */,
				D12D91461E4953AB007A7FE8 /* LaunchScreen.storyboard */,
				D12D91491E4953AB007A7FE8 /* Info.plist */,
			);
			path = TipCalc;
			sourceTree = "<group>";
		};
/* End PBXGroup section */

/* Begin PBXNativeTarget section */
		D12D91391E4953AB007A7FE8 /* TipCalc */ = {
			isa = PBXNativeTarget;
			buildConfigurationList = D12D914C1E4953AB007A7FE8 /* Build configuration list for PBXNativeTarget "TipCalc" */;
			buildPhases = (
				D12D91361E4953AB007A7FE8 /* Sources */,
				D12D91371E4953AB007A7FE8 /* Frameworks */,
				D12D91381E4953AB007A7FE8 /* Resources */,
			);
			buildRules = (
			);
			dependencies = (
			);
			name = TipCalc;
			productName = TipCalc;
			productReference = D12D913A1E4953AB007A7FE8 /* TipCalc.app */;
			productType = "com.apple.product-type.application";
		};
/* End PBXNativeTarget section */

/* Begin PBXProject section */
		D12D91321E4953AB007A7FE8 /* Project object */ = {
			isa = PBXProject;
			attributes = {
				LastSwiftUpdateCheck = 0820;
				LastUpgradeCheck = 0820;
				ORGANIZATIONNAME = "Pooja Chowdhary";
				TargetAttributes = {
					D12D91391E4953AB007A7FE8 = {
						CreatedOnToolsVersion = 8.2.1;
						DevelopmentTeam = 469Q3T2DQS;
						ProvisioningStyle = Automatic;
					};
				};
			};
			buildConfigurationList = D12D91351E4953AB007A7FE8 /* Build configuration list for PBXProject "TipCalc" */;
			compatibilityVersion = "Xcode 3.2";
			developmentRegion = English;
			hasScannedForEncodings = 0;
			knownRegions = (
				en,
				Base,
			);
			mainGroup = D12D91311E4953AB007A7FE8;
			productRefGroup = D12D913B1E4953AB007A7FE8 /* Products */;
			projectDirPath = "";
			projectRoot = "";
			targets = (
				D12D91391E4953AB007A7FE8 /* TipCalc */,
			);
		};
/* End PBXProject section */

/* Begin PBXResourcesBuildPhase section */
		D12D91381E4953AB007A7FE8 /* Resources */ = {
			isa = PBXResourcesBuildPhase;
			buildActionMask = 2147483647;
			files = (
				D12D91481E4953AB007A7FE8 /* LaunchScreen.storyboard in Resources */,
				D12D91451E4953AB007A7FE8 /* Assets.xcassets in Resources */,
				D12D91431E4953AB007A7FE8 /* Main.storyboard in Resources */,
			);
			runOnlyForDeploymentPostprocessing = 0;
		};
/* End PBXResourcesBuildPhase section */

/* Begin PBXSourcesBuildPhase section */
		D12D91361E4953AB007A7FE8 /* Sources */ = {
			isa = PBXSourcesBuildPhase;
			buildActionMask = 2147483647;
			files = (
				D12D91401E4953AB007A7FE8 /* TipCalcViewController.swift in Sources */,
				D12D91501E4AB612007A7FE8 /* TipCalc.swift in Sources */,
				D12D913E1E4953AB007A7FE8 /* AppDelegate.swift in Sources */,
				D12D91521E4AD34B007A7FE8 /* SettingsViewController.swift in Sources */,
			);
			runOnlyForDeploymentPostprocessing = 0;
		};
/* End PBXSourcesBuildPhase section */

/* Begin PBXVariantGroup section */
		D12D91411E4953AB007A7FE8 /* Main.storyboard */ = {
			isa = PBXVariantGroup;
			children = (
				D12D91421E4953AB007A7FE8 /* Base */,
			);
			name = Main.storyboard;
			sourceTree = "<group>";
		};
		D12D91461E4953AB007A7FE8 /* LaunchScreen.storyboard */ = {
			isa = PBXVariantGroup;
			children = (
				D12D91471E4953AB007A7FE8 /* Base */,
			);
			name = LaunchScreen.storyboard;
			sourceTree = "<group>";
		};
/* End PBXVariantGroup section */

/* Begin XCBuildConfiguration section */
		D12D914A1E4953AB007A7FE8 /* Debug */ = {
			isa = XCBuildConfiguration;
			buildSettings = {
				ALWAYS_SEARCH_USER_PATHS = NO;
				CLANG_ANALYZER_NONNULL = YES;
				CLANG_CXX_LANGUAGE_STANDARD = "gnu++0x";
				CLANG_CXX_LIBRARY = "libc++";
				CLANG_ENABLE_MODULES = YES;
				CLANG_ENABLE_OBJC_ARC = YES;
				CLANG_WARN_BOOL_CONVERSION = YES;
				CLANG_WARN_CONSTANT_CONVERSION = YES;
				CLANG_WARN_DIRECT_OBJC_ISA_USAGE = YES_ERROR;
				CLANG_WARN_DOCUMENTATION_COMMENTS = YES;
				CLANG_WARN_EMPTY_BODY = YES;
				CLANG_WARN_ENUM_CONVERSION = YES;
				CLANG_WARN_INFINITE_RECURSION = YES;
				CLANG_WARN_INT_CONVERSION = YES;
				CLANG_WARN_OBJC_ROOT_CLASS = YES_ERROR;
				CLANG_WARN_SUSPICIOUS_MOVE = YES;
				CLANG_WARN_UNREACHABLE_CODE = YES;
				CLANG_WARN__DUPLICATE_METHOD_MATCH = YES;
				"CODE_SIGN_IDENTITY[sdk=iphoneos*]" = "iPhone Developer";
				COPY_PHASE_STRIP = NO;
				DEBUG_INFORMATION_FORMAT = dwarf;
				ENABLE_STRICT_OBJC_MSGSEND = YES;
				ENABLE_TESTABILITY = YES;
				GCC_C_LANGUAGE_STANDARD = gnu99;
				GCC_DYNAMIC_NO_PIC = NO;
				GCC_NO_COMMON_BLOCKS = YES;
				GCC_OPTIMIZATION_LEVEL = 0;
				GCC_PREPROCESSOR_DEFINITIONS = (
					"DEBUG=1",
					"$(inherited)",
				);
				GCC_WARN_64_TO_32_BIT_CONVERSION = YES;
				GCC_WARN_ABOUT_RETURN_TYPE = YES_ERROR;
				GCC_WARN_UNDECLARED_SELECTOR = YES;
				GCC_WARN_UNINITIALIZED_AUTOS = YES_AGGRESSIVE;
				GCC_WARN_UNUSED_FUNCTION = YES;
				GCC_WARN_UNUSED_VARIABLE = YES;
				IPHONEOS_DEPLOYMENT_TARGET = 10.2;
				MTL_ENABLE_DEBUG_INFO = YES;
				ONLY_ACTIVE_ARCH = YES;
				SDKROOT = iphoneos;
				SWIFT_ACTIVE_COMPILATION_CONDITIONS = DEBUG;
				SWIFT_OPTIMIZATION_LEVEL = "-Onone";
			};
			name = Debug;
		};
		D12D914B1E4953AB007A7FE8 /* Release */ = {
			isa = XCBuildConfiguration;
			buildSettings = {
				ALWAYS_SEARCH_USER_PATHS = NO;
				CLANG_ANALYZER_NONNULL = YES;
				CLANG_CXX_LANGUAGE_STANDARD = "gnu++0x";
				CLANG_CXX_LIBRARY = "libc++";
				CLANG_ENABLE_MODULES = YES;
				CLANG_ENABLE_OBJC_ARC = YES;
				CLANG_WARN_BOOL_CONVERSION = YES;
				CLANG_WARN_CONSTANT_CONVERSION = YES;
				CLANG_WARN_DIRECT_OBJC_ISA_USAGE = YES_ERROR;
				CLANG_WARN_DOCUMENTATION_COMMENTS = YES;
				CLANG_WARN_EMPTY_BODY = YES;
				CLANG_WARN_ENUM_CONVERSION = YES;
				CLANG_WARN_INFINITE_RECURSION = YES;
				CLANG_WARN_INT_CONVERSION = YES;
				CLANG_WARN_OBJC_ROOT_CLASS = YES_ERROR;
				CLANG_WARN_SUSPICIOUS_MOVE = YES;
				CLANG_WARN_UNREACHABLE_CODE = YES;
				CLANG_WARN__DUPLICATE_METHOD_MATCH = YES;
				"CODE_SIGN_IDENTITY[sdk=iphoneos*]" = "iPhone Developer";
				COPY_PHASE_STRIP = NO;
				DEBUG_INFORMATION_FORMAT = "dwarf-with-dsym";
				ENABLE_NS_ASSERTIONS = NO;
				ENABLE_STRICT_OBJC_MSGSEND = YES;
				GCC_C_LANGUAGE_STANDARD = gnu99;
				GCC_NO_COMMON_BLOCKS = YES;
				GCC_WARN_64_TO_32_BIT_CONVERSION = YES;
				GCC_WARN_ABOUT_RETURN_TYPE = YES_ERROR;
				GCC_WARN_UNDECLARED_SELECTOR = YES;
				GCC_WARN_UNINITIALIZED_AUTOS = YES_AGGRESSIVE;
				GCC_WARN_UNUSED_FUNCTION = YES;
				GCC_WARN_UNUSED_VARIABLE = YES;
				IPHONEOS_DEPLOYMENT_TARGET = 10.2;
				MTL_ENABLE_DEBUG_INFO = NO;
				SDKROOT = iphoneos;
				SWIFT_OPTIMIZATION_LEVEL = "-Owholemodule";
				VALIDATE_PRODUCT = YES;
			};
			name = Release;
		};
		D12D914D1E4953AB007A7FE8 /* Debug */ = {
			isa = XCBuildConfiguration;
			buildSettings = {
				ASSETCATALOG_COMPILER_APPICON_NAME = AppIcon;
				DEVELOPMENT_TEAM = 469Q3T2DQS;
				INFOPLIST_FILE = TipCalc/Info.plist;
				LD_RUNPATH_SEARCH_PATHS = "$(inherited) @executable_path/Frameworks";
				PRODUCT_BUNDLE_IDENTIFIER = com.poojachow.TipCalc;
				PRODUCT_NAME = "$(TARGET_NAME)";
				SWIFT_VERSION = 3.0;
			};
			name = Debug;
		};
		D12D914E1E4953AB007A7FE8 /* Release */ = {
			isa = XCBuildConfiguration;
			buildSettings = {
				ASSETCATALOG_COMPILER_APPICON_NAME = AppIcon;
				DEVELOPMENT_TEAM = 469Q3T2DQS;
				INFOPLIST_FILE = TipCalc/Info.plist;
				LD_RUNPATH_SEARCH_PATHS = "$(inherited) @executable_path/Frameworks";
				PRODUCT_BUNDLE_IDENTIFIER = com.poojachow.TipCalc;
				PRODUCT_NAME = "$(TARGET_NAME)";
				SWIFT_VERSION = 3.0;
			};
			name = Release;
		};
/* End XCBuildConfiguration section */

/* Begin XCConfigurationList section */
		D12D91351E4953AB007A7FE8 /* Build configuration list for PBXProject "TipCalc" */ = {
			isa = XCConfigurationList;
			buildConfigurations = (
				D12D914A1E4953AB007A7FE8 /* Debug */,
				D12D914B1E4953AB007A7FE8 /* Release */,
			);
			defaultConfigurationIsVisible = 0;
			defaultConfigurationName = Release;
		};
		D12D914C1E4953AB007A7FE8 /* Build configuration list for PBXNativeTarget "TipCalc" */ = {
			isa = XCConfigurationList;
			buildConfigurations = (
				D12D914D1E4953AB007A7FE8 /* Debug */,
				D12D914E1E4953AB007A7FE8 /* Release */,
			);
			defaultConfigurationIsVisible = 0;
		};
/* End XCConfigurationList section */
	};
	rootObject = D12D91321E4953AB007A7FE8 /* Project object */;
}
